
Microsoft Visual Studio Solution File, Format Version 11.00
# Visual Studio 2010
Project("{FAE04EC0-301F-11D3-BF4B-00C04F79EFBC}") = "Shell", "Shell\Shell.csproj", "{1EE4D2F4-AE49-4CFC-87D2-BEA04FE0788F}"
	ProjectSection(ProjectDependencies) = postProject
		{BB1576E3-BE7D-4863-893B-56645BD5B6A9} = {BB1576E3-BE7D-4863-893B-56645BD5B6A9}
	EndProjectSection
EndProject
Project("{FAE04EC0-301F-11D3-BF4B-00C04F79EFBC}") = "Shell.Web", "Shell.Web\Shell.Web.csproj", "{BB1576E3-BE7D-4863-893B-56645BD5B6A9}"
EndProject
Project("{FAE04EC0-301F-11D3-BF4B-00C04F79EFBC}") = "Infrastructure", "Infrastructure\Infrastructure.csproj", "{4C35F475-0629-457C-BC5F-7E44234ABEDE}"
EndProject
Project("{2150E333-8FDC-42A3-9474-1A3956D46DE8}") = "DBManagement", "DBManagement", "{ADD10DFB-5D74-41E0-8769-33305E05C261}"
EndProject
Project("{FAE04EC0-301F-11D3-BF4B-00C04F79EFBC}") = "DBManagement", "DBManagement\DBManagement.csproj", "{47009C4F-D8C8-4A35-A2D8-9F4548E70687}"
EndProject
Project("{FAE04EC0-301F-11D3-BF4B-00C04F79EFBC}") = "DBManagement.Ria", "DBManagement.Ria\DBManagement.Ria.csproj", "{108F7203-C639-4A10-8B03-BA46ABA5C0C9}"
	ProjectSection(ProjectDependencies) = postProject
		{ABC7D993-F8CB-4709-AAF9-57274A8F1A3D} = {ABC7D993-F8CB-4709-AAF9-57274A8F1A3D}
	EndProjectSection
EndProject
Project("{FAE04EC0-301F-11D3-BF4B-00C04F79EFBC}") = "DBManagement.Ria.Web", "DBManagement.Ria.Web\DBManagement.Ria.Web.csproj", "{ABC7D993-F8CB-4709-AAF9-57274A8F1A3D}"
EndProject
Project("{2150E333-8FDC-42A3-9474-1A3956D46DE8}") = "EmployeeManagement", "EmployeeManagement", "{A3844088-F8B4-4D85-BC01-E568C5382AC2}"
EndProject
Project("{FAE04EC0-301F-11D3-BF4B-00C04F79EFBC}") = "EmployeeManagement", "EmployeeManagement\EmployeeManagement.csproj", "{B188340A-597F-4C64-959A-51C7F9BB88B7}"
EndProject
Project("{FAE04EC0-301F-11D3-BF4B-00C04F79EFBC}") = "EmployeeManagement.Ria", "EmployeeManagement.Ria\EmployeeManagement.Ria.csproj", "{0B428921-F4E8-4320-A3FE-EBCE9645D3C4}"
	ProjectSection(ProjectDependencies) = postProject
		{6F97077B-44D4-4B87-A134-B77CB23F76C8} = {6F97077B-44D4-4B87-A134-B77CB23F76C8}
	EndProjectSection
EndProject
Project("{FAE04EC0-301F-11D3-BF4B-00C04F79EFBC}") = "EmployeeManagement.Ria.Web", "EmployeeManagement.Ria.Web\EmployeeManagement.Ria.Web.csproj", "{6F97077B-44D4-4B87-A134-B77CB23F76C8}"
EndProject
Project("{2150E333-8FDC-42A3-9474-1A3956D46DE8}") = "CustomerManagement", "CustomerManagement", "{09A463B5-4D09-4ADF-A169-9D3DDFCD6B5D}"
EndProject
Project("{FAE04EC0-301F-11D3-BF4B-00C04F79EFBC}") = "CustomerManagement", "CustomerManagement\CustomerManagement.csproj", "{D8D56DE5-3353-4812-980E-C2A91214609F}"
EndProject
Project("{FAE04EC0-301F-11D3-BF4B-00C04F79EFBC}") = "CustomerManagement.Ria", "CustomerManagement.Ria\CustomerManagement.Ria.csproj", "{6C957BEF-E4B9-45D8-860F-0A07B6FA6913}"
	ProjectSection(ProjectDependencies) = postProject
		{06945E11-16C0-458B-A5D3-9509C49F298E} = {06945E11-16C0-458B-A5D3-9509C49F298E}
	EndProjectSection
EndProject
Project("{FAE04EC0-301F-11D3-BF4B-00C04F79EFBC}") = "CustomerManagement.Ria.Web", "CustomerManagement.Ria.Web\CustomerManagement.Ria.Web.csproj", "{06945E11-16C0-458B-A5D3-9509C49F298E}"
EndProject
Project("{2150E333-8FDC-42A3-9474-1A3956D46DE8}") = "CarsManagement", "CarsManagement", "{E2735656-4B3F-4E67-A612-B284856C0F3E}"
EndProject
Project("{FAE04EC0-301F-11D3-BF4B-00C04F79EFBC}") = "CarsManagement", "CarsManagement\CarsManagement.csproj", "{A36D934A-5DEB-486D-A31B-831D6D9EEFA5}"
EndProject
Project("{FAE04EC0-301F-11D3-BF4B-00C04F79EFBC}") = "CarsManagement.Ria", "CarsManagement.Ria\CarsManagement.Ria.csproj", "{4AFCD491-E71A-447E-AF8E-0138EAB8CD2D}"
	ProjectSection(ProjectDependencies) = postProject
		{C6CB25BF-B4C4-4A8F-9EEA-6B5127BE16AB} = {C6CB25BF-B4C4-4A8F-9EEA-6B5127BE16AB}
	EndProjectSection
EndProject
Project("{FAE04EC0-301F-11D3-BF4B-00C04F79EFBC}") = "CarsManagement.Ria.Web", "CarsManagement.Ria.Web\CarsManagement.Ria.Web.csproj", "{C6CB25BF-B4C4-4A8F-9EEA-6B5127BE16AB}"
EndProject
Project("{2150E333-8FDC-42A3-9474-1A3956D46DE8}") = "Search", "Search", "{B6CC0B4B-51DE-4A63-9149-0471B77D6953}"
EndProject
Project("{FAE04EC0-301F-11D3-BF4B-00C04F79EFBC}") = "Search", "Search\Search.csproj", "{3F53A7E4-7205-4D53-B031-4EA84A2902A2}"
EndProject
Project("{FAE04EC0-301F-11D3-BF4B-00C04F79EFBC}") = "Search.Ria", "Search.Ria\Search.Ria.csproj", "{3E9390E7-760A-4BC6-A633-6CEB15B2F60D}"
	ProjectSection(ProjectDependencies) = postProject
		{B80EC1A3-9DA3-4615-81C0-98AE10288F59} = {B80EC1A3-9DA3-4615-81C0-98AE10288F59}
	EndProjectSection
EndProject
Project("{FAE04EC0-301F-11D3-BF4B-00C04F79EFBC}") = "Search.Ria.Web", "Search.Ria.Web\Search.Ria.Web.csproj", "{B80EC1A3-9DA3-4615-81C0-98AE10288F59}"
EndProject
Project("{2150E333-8FDC-42A3-9474-1A3956D46DE8}") = "Renting", "Renting", "{A7399DBC-38A0-46E8-87B3-CC0CE43CCCF8}"
EndProject
Project("{FAE04EC0-301F-11D3-BF4B-00C04F79EFBC}") = "Renting", "Renting\Renting.csproj", "{8CC6E3A7-FE01-4D9D-9FE6-B2EADFE7F000}"
EndProject
Project("{FAE04EC0-301F-11D3-BF4B-00C04F79EFBC}") = "Renting.Ria", "Renting.Ria\Renting.Ria.csproj", "{5D38E445-380E-4119-B05B-11A5734BF5DC}"
	ProjectSection(ProjectDependencies) = postProject
		{11E1C57C-1E82-4DED-9F71-BFE872E4B9F4} = {11E1C57C-1E82-4DED-9F71-BFE872E4B9F4}
	EndProjectSection
EndProject
Project("{FAE04EC0-301F-11D3-BF4B-00C04F79EFBC}") = "Renting.Ria.Web", "Renting.Ria.Web\Renting.Ria.Web.csproj", "{11E1C57C-1E82-4DED-9F71-BFE872E4B9F4}"
EndProject
Project("{2150E333-8FDC-42A3-9474-1A3956D46DE8}") = "StatusCheck", "StatusCheck", "{38F6997D-8849-4962-99A7-7E7DDBFAAB2B}"
EndProject
Project("{FAE04EC0-301F-11D3-BF4B-00C04F79EFBC}") = "StatusCheck", "StatusCheck\StatusCheck.csproj", "{DDCC0007-3221-442E-AE4E-EDDD82A38F4F}"
EndProject
Project("{FAE04EC0-301F-11D3-BF4B-00C04F79EFBC}") = "StatusCheck.Ria", "StatusCheck.Ria\StatusCheck.Ria.csproj", "{2C71DDB7-4857-4AFC-8408-8798FF4E097D}"
	ProjectSection(ProjectDependencies) = postProject
		{D91C8261-4686-44A4-90B0-22E6EBD8986E} = {D91C8261-4686-44A4-90B0-22E6EBD8986E}
	EndProjectSection
EndProject
Project("{FAE04EC0-301F-11D3-BF4B-00C04F79EFBC}") = "StatusCheck.Ria.Web", "StatusCheck.Ria.Web\StatusCheck.Ria.Web.csproj", "{D91C8261-4686-44A4-90B0-22E6EBD8986E}"
EndProject
Project("{2150E333-8FDC-42A3-9474-1A3956D46DE8}") = "ReporGenerate", "ReporGenerate", "{C92AAE11-2031-4573-AA0D-AE96A38A99A2}"
EndProject
Project("{FAE04EC0-301F-11D3-BF4B-00C04F79EFBC}") = "ReporGenerate", "ReporGenerate\ReporGenerate.csproj", "{F38BD045-9A17-4F68-98E7-67D3C1020047}"
EndProject
Project("{FAE04EC0-301F-11D3-BF4B-00C04F79EFBC}") = "ReporGenerate.Ria", "ReporGenerate.Ria\ReporGenerate.Ria.csproj", "{5AEA6FEC-25A7-484D-8E23-CFA57FDBE1D9}"
	ProjectSection(ProjectDependencies) = postProject
		{CA6521BC-EA5A-416F-89C5-0368B145F173} = {CA6521BC-EA5A-416F-89C5-0368B145F173}
	EndProjectSection
EndProject
Project("{FAE04EC0-301F-11D3-BF4B-00C04F79EFBC}") = "ReporGenerate.Ria.Web", "ReporGenerate.Ria.Web\ReporGenerate.Ria.Web.csproj", "{CA6521BC-EA5A-416F-89C5-0368B145F173}"
EndProject
Project("{2150E333-8FDC-42A3-9474-1A3956D46DE8}") = "PaymentManagement", "PaymentManagement", "{34D8209F-A2BD-40F7-A713-38A73E191B32}"
EndProject
Project("{FAE04EC0-301F-11D3-BF4B-00C04F79EFBC}") = "PaymentManagement", "PaymentManagement\PaymentManagement.csproj", "{BD126272-8401-44F2-AEED-889EECCA01CF}"
EndProject
Project("{FAE04EC0-301F-11D3-BF4B-00C04F79EFBC}") = "PaymentManagement.Ria", "PaymentManagement.Ria\PaymentManagement.Ria.csproj", "{B812320B-F246-4767-9158-C63D6B7FC89C}"
	ProjectSection(ProjectDependencies) = postProject
		{A5EBEC4F-23A6-4D6E-BAF5-0BDAB9C5A47F} = {A5EBEC4F-23A6-4D6E-BAF5-0BDAB9C5A47F}
	EndProjectSection
EndProject
Project("{FAE04EC0-301F-11D3-BF4B-00C04F79EFBC}") = "PaymentManagement.Ria.Web", "PaymentManagement.Ria.Web\PaymentManagement.Ria.Web.csproj", "{A5EBEC4F-23A6-4D6E-BAF5-0BDAB9C5A47F}"
EndProject
Project("{2150E333-8FDC-42A3-9474-1A3956D46DE8}") = "BookingManagement", "BookingManagement", "{74FE41E1-5C7D-4A76-93E2-15A1E93D8DAE}"
EndProject
Project("{FAE04EC0-301F-11D3-BF4B-00C04F79EFBC}") = "BookingManagement", "BookingManagement\BookingManagement.csproj", "{BC3ACC01-AD2E-42CF-841E-FFDBBB784822}"
EndProject
Project("{FAE04EC0-301F-11D3-BF4B-00C04F79EFBC}") = "BookingManagement.Ria", "BookingManagement.Ria\BookingManagement.Ria.csproj", "{EAEAFCA9-0B2F-4786-9F01-A9319456D5F4}"
	ProjectSection(ProjectDependencies) = postProject
		{08A655D4-1C54-424D-A4E3-C8EF090DE9B0} = {08A655D4-1C54-424D-A4E3-C8EF090DE9B0}
	EndProjectSection
EndProject
Project("{FAE04EC0-301F-11D3-BF4B-00C04F79EFBC}") = "BookingManagement.Ria.Web", "BookingManagement.Ria.Web\BookingManagement.Ria.Web.csproj", "{08A655D4-1C54-424D-A4E3-C8EF090DE9B0}"
EndProject
Global
	GlobalSection(SolutionConfigurationPlatforms) = preSolution
		Debug|Any CPU = Debug|Any CPU
		Release|Any CPU = Release|Any CPU
	EndGlobalSection
	GlobalSection(ProjectConfigurationPlatforms) = postSolution
		{1EE4D2F4-AE49-4CFC-87D2-BEA04FE0788F}.Debug|Any CPU.ActiveCfg = Debug|Any CPU
		{1EE4D2F4-AE49-4CFC-87D2-BEA04FE0788F}.Debug|Any CPU.Build.0 = Debug|Any CPU
		{1EE4D2F4-AE49-4CFC-87D2-BEA04FE0788F}.Release|Any CPU.ActiveCfg = Release|Any CPU
		{1EE4D2F4-AE49-4CFC-87D2-BEA04FE0788F}.Release|Any CPU.Build.0 = Release|Any CPU
		{BB1576E3-BE7D-4863-893B-56645BD5B6A9}.Debug|Any CPU.ActiveCfg = Debug|Any CPU
		{BB1576E3-BE7D-4863-893B-56645BD5B6A9}.Debug|Any CPU.Build.0 = Debug|Any CPU
		{BB1576E3-BE7D-4863-893B-56645BD5B6A9}.Release|Any CPU.ActiveCfg = Release|Any CPU
		{BB1576E3-BE7D-4863-893B-56645BD5B6A9}.Release|Any CPU.Build.0 = Release|Any CPU
		{4C35F475-0629-457C-BC5F-7E44234ABEDE}.Debug|Any CPU.ActiveCfg = Debug|Any CPU
		{4C35F475-0629-457C-BC5F-7E44234ABEDE}.Debug|Any CPU.Build.0 = Debug|Any CPU
		{4C35F475-0629-457C-BC5F-7E44234ABEDE}.Release|Any CPU.ActiveCfg = Release|Any CPU
		{4C35F475-0629-457C-BC5F-7E44234ABEDE}.Release|Any CPU.Build.0 = Release|Any CPU
		{47009C4F-D8C8-4A35-A2D8-9F4548E70687}.Debug|Any CPU.ActiveCfg = Debug|Any CPU
		{47009C4F-D8C8-4A35-A2D8-9F4548E70687}.Debug|Any CPU.Build.0 = Debug|Any CPU
		{47009C4F-D8C8-4A35-A2D8-9F4548E70687}.Release|Any CPU.ActiveCfg = Release|Any CPU
		{47009C4F-D8C8-4A35-A2D8-9F4548E70687}.Release|Any CPU.Build.0 = Release|Any CPU
		{108F7203-C639-4A10-8B03-BA46ABA5C0C9}.Debug|Any CPU.ActiveCfg = Debug|Any CPU
		{108F7203-C639-4A10-8B03-BA46ABA5C0C9}.Debug|Any CPU.Build.0 = Debug|Any CPU
		{108F7203-C639-4A10-8B03-BA46ABA5C0C9}.Release|Any CPU.ActiveCfg = Release|Any CPU
		{108F7203-C639-4A10-8B03-BA46ABA5C0C9}.Release|Any CPU.Build.0 = Release|Any CPU
		{ABC7D993-F8CB-4709-AAF9-57274A8F1A3D}.Debug|Any CPU.ActiveCfg = Debug|Any CPU
		{ABC7D993-F8CB-4709-AAF9-57274A8F1A3D}.Debug|Any CPU.Build.0 = Debug|Any CPU
		{ABC7D993-F8CB-4709-AAF9-57274A8F1A3D}.Release|Any CPU.ActiveCfg = Release|Any CPU
		{ABC7D993-F8CB-4709-AAF9-57274A8F1A3D}.Release|Any CPU.Build.0 = Release|Any CPU
		{B188340A-597F-4C64-959A-51C7F9BB88B7}.Debug|Any CPU.ActiveCfg = Debug|Any CPU
		{B188340A-597F-4C64-959A-51C7F9BB88B7}.Debug|Any CPU.Build.0 = Debug|Any CPU
		{B188340A-597F-4C64-959A-51C7F9BB88B7}.Release|Any CPU.ActiveCfg = Release|Any CPU
		{B188340A-597F-4C64-959A-51C7F9BB88B7}.Release|Any CPU.Build.0 = Release|Any CPU
		{0B428921-F4E8-4320-A3FE-EBCE9645D3C4}.Debug|Any CPU.ActiveCfg = Debug|Any CPU
		{0B428921-F4E8-4320-A3FE-EBCE9645D3C4}.Debug|Any CPU.Build.0 = Debug|Any CPU
		{0B428921-F4E8-4320-A3FE-EBCE9645D3C4}.Release|Any CPU.ActiveCfg = Release|Any CPU
		{0B428921-F4E8-4320-A3FE-EBCE9645D3C4}.Release|Any CPU.Build.0 = Release|Any CPU
		{6F97077B-44D4-4B87-A134-B77CB23F76C8}.Debug|Any CPU.ActiveCfg = Debug|Any CPU
		{6F97077B-44D4-4B87-A134-B77CB23F76C8}.Debug|Any CPU.Build.0 = Debug|Any CPU
		{6F97077B-44D4-4B87-A134-B77CB23F76C8}.Release|Any CPU.ActiveCfg = Release|Any CPU
		{6F97077B-44D4-4B87-A134-B77CB23F76C8}.Release|Any CPU.Build.0 = Release|Any CPU
		{D8D56DE5-3353-4812-980E-C2A91214609F}.Debug|Any CPU.ActiveCfg = Debug|Any CPU
		{D8D56DE5-3353-4812-980E-C2A91214609F}.Debug|Any CPU.Build.0 = Debug|Any CPU
		{D8D56DE5-3353-4812-980E-C2A91214609F}.Release|Any CPU.ActiveCfg = Release|Any CPU
		{D8D56DE5-3353-4812-980E-C2A91214609F}.Release|Any CPU.Build.0 = Release|Any CPU
		{6C957BEF-E4B9-45D8-860F-0A07B6FA6913}.Debug|Any CPU.ActiveCfg = Debug|Any CPU
		{6C957BEF-E4B9-45D8-860F-0A07B6FA6913}.Debug|Any CPU.Build.0 = Debug|Any CPU
		{6C957BEF-E4B9-45D8-860F-0A07B6FA6913}.Release|Any CPU.ActiveCfg = Release|Any CPU
		{6C957BEF-E4B9-45D8-860F-0A07B6FA6913}.Release|Any CPU.Build.0 = Release|Any CPU
		{06945E11-16C0-458B-A5D3-9509C49F298E}.Debug|Any CPU.ActiveCfg = Debug|Any CPU
		{06945E11-16C0-458B-A5D3-9509C49F298E}.Debug|Any CPU.Build.0 = Debug|Any CPU
		{06945E11-16C0-458B-A5D3-9509C49F298E}.Release|Any CPU.ActiveCfg = Release|Any CPU
		{06945E11-16C0-458B-A5D3-9509C49F298E}.Release|Any CPU.Build.0 = Release|Any CPU
		{A36D934A-5DEB-486D-A31B-831D6D9EEFA5}.Debug|Any CPU.ActiveCfg = Debug|Any CPU
		{A36D934A-5DEB-486D-A31B-831D6D9EEFA5}.Debug|Any CPU.Build.0 = Debug|Any CPU
		{A36D934A-5DEB-486D-A31B-831D6D9EEFA5}.Release|Any CPU.ActiveCfg = Release|Any CPU
		{A36D934A-5DEB-486D-A31B-831D6D9EEFA5}.Release|Any CPU.Build.0 = Release|Any CPU
		{4AFCD491-E71A-447E-AF8E-0138EAB8CD2D}.Debug|Any CPU.ActiveCfg = Debug|Any CPU
		{4AFCD491-E71A-447E-AF8E-0138EAB8CD2D}.Debug|Any CPU.Build.0 = Debug|Any CPU
		{4AFCD491-E71A-447E-AF8E-0138EAB8CD2D}.Release|Any CPU.ActiveCfg = Release|Any CPU
		{4AFCD491-E71A-447E-AF8E-0138EAB8CD2D}.Release|Any CPU.Build.0 = Release|Any CPU
		{C6CB25BF-B4C4-4A8F-9EEA-6B5127BE16AB}.Debug|Any CPU.ActiveCfg = Debug|Any CPU
		{C6CB25BF-B4C4-4A8F-9EEA-6B5127BE16AB}.Debug|Any CPU.Build.0 = Debug|Any CPU
		{C6CB25BF-B4C4-4A8F-9EEA-6B5127BE16AB}.Release|Any CPU.ActiveCfg = Release|Any CPU
		{C6CB25BF-B4C4-4A8F-9EEA-6B5127BE16AB}.Release|Any CPU.Build.0 = Release|Any CPU
		{3F53A7E4-7205-4D53-B031-4EA84A2902A2}.Debug|Any CPU.ActiveCfg = Debug|Any CPU
		{3F53A7E4-7205-4D53-B031-4EA84A2902A2}.Debug|Any CPU.Build.0 = Debug|Any CPU
		{3F53A7E4-7205-4D53-B031-4EA84A2902A2}.Release|Any CPU.ActiveCfg = Release|Any CPU
		{3F53A7E4-7205-4D53-B031-4EA84A2902A2}.Release|Any CPU.Build.0 = Release|Any CPU
		{3E9390E7-760A-4BC6-A633-6CEB15B2F60D}.Debug|Any CPU.ActiveCfg = Debug|Any CPU
		{3E9390E7-760A-4BC6-A633-6CEB15B2F60D}.Debug|Any CPU.Build.0 = Debug|Any CPU
		{3E9390E7-760A-4BC6-A633-6CEB15B2F60D}.Release|Any CPU.ActiveCfg = Release|Any CPU
		{3E9390E7-760A-4BC6-A633-6CEB15B2F60D}.Release|Any CPU.Build.0 = Release|Any CPU
		{B80EC1A3-9DA3-4615-81C0-98AE10288F59}.Debug|Any CPU.ActiveCfg = Debug|Any CPU
		{B80EC1A3-9DA3-4615-81C0-98AE10288F59}.Debug|Any CPU.Build.0 = Debug|Any CPU
		{B80EC1A3-9DA3-4615-81C0-98AE10288F59}.Release|Any CPU.ActiveCfg = Release|Any CPU
		{B80EC1A3-9DA3-4615-81C0-98AE10288F59}.Release|Any CPU.Build.0 = Release|Any CPU
		{8CC6E3A7-FE01-4D9D-9FE6-B2EADFE7F000}.Debug|Any CPU.ActiveCfg = Debug|Any CPU
		{8CC6E3A7-FE01-4D9D-9FE6-B2EADFE7F000}.Debug|Any CPU.Build.0 = Debug|Any CPU
		{8CC6E3A7-FE01-4D9D-9FE6-B2EADFE7F000}.Release|Any CPU.ActiveCfg = Release|Any CPU
		{8CC6E3A7-FE01-4D9D-9FE6-B2EADFE7F000}.Release|Any CPU.Build.0 = Release|Any CPU
		{5D38E445-380E-4119-B05B-11A5734BF5DC}.Debug|Any CPU.ActiveCfg = Debug|Any CPU
		{5D38E445-380E-4119-B05B-11A5734BF5DC}.Debug|Any CPU.Build.0 = Debug|Any CPU
		{5D38E445-380E-4119-B05B-11A5734BF5DC}.Release|Any CPU.ActiveCfg = Release|Any CPU
		{5D38E445-380E-4119-B05B-11A5734BF5DC}.Release|Any CPU.Build.0 = Release|Any CPU
		{11E1C57C-1E82-4DED-9F71-BFE872E4B9F4}.Debug|Any CPU.ActiveCfg = Debug|Any CPU
		{11E1C57C-1E82-4DED-9F71-BFE872E4B9F4}.Debug|Any CPU.Build.0 = Debug|Any CPU
		{11E1C57C-1E82-4DED-9F71-BFE872E4B9F4}.Release|Any CPU.ActiveCfg = Release|Any CPU
		{11E1C57C-1E82-4DED-9F71-BFE872E4B9F4}.Release|Any CPU.Build.0 = Release|Any CPU
		{DDCC0007-3221-442E-AE4E-EDDD82A38F4F}.Debug|Any CPU.ActiveCfg = Debug|Any CPU
		{DDCC0007-3221-442E-AE4E-EDDD82A38F4F}.Debug|Any CPU.Build.0 = Debug|Any CPU
		{DDCC0007-3221-442E-AE4E-EDDD82A38F4F}.Release|Any CPU.ActiveCfg = Release|Any CPU
		{DDCC0007-3221-442E-AE4E-EDDD82A38F4F}.Release|Any CPU.Build.0 = Release|Any CPU
		{2C71DDB7-4857-4AFC-8408-8798FF4E097D}.Debug|Any CPU.ActiveCfg = Debug|Any CPU
		{2C71DDB7-4857-4AFC-8408-8798FF4E097D}.Debug|Any CPU.Build.0 = Debug|Any CPU
		{2C71DDB7-4857-4AFC-8408-8798FF4E097D}.Release|Any CPU.ActiveCfg = Release|Any CPU
		{2C71DDB7-4857-4AFC-8408-8798FF4E097D}.Release|Any CPU.Build.0 = Release|Any CPU
		{D91C8261-4686-44A4-90B0-22E6EBD8986E}.Debug|Any CPU.ActiveCfg = Debug|Any CPU
		{D91C8261-4686-44A4-90B0-22E6EBD8986E}.Debug|Any CPU.Build.0 = Debug|Any CPU
		{D91C8261-4686-44A4-90B0-22E6EBD8986E}.Release|Any CPU.ActiveCfg = Release|Any CPU
		{D91C8261-4686-44A4-90B0-22E6EBD8986E}.Release|Any CPU.Build.0 = Release|Any CPU
		{F38BD045-9A17-4F68-98E7-67D3C1020047}.Debug|Any CPU.ActiveCfg = Debug|Any CPU
		{F38BD045-9A17-4F68-98E7-67D3C1020047}.Debug|Any CPU.Build.0 = Debug|Any CPU
		{F38BD045-9A17-4F68-98E7-67D3C1020047}.Release|Any CPU.ActiveCfg = Release|Any CPU
		{F38BD045-9A17-4F68-98E7-67D3C1020047}.Release|Any CPU.Build.0 = Release|Any CPU
		{5AEA6FEC-25A7-484D-8E23-CFA57FDBE1D9}.Debug|Any CPU.ActiveCfg = Debug|Any CPU
		{5AEA6FEC-25A7-484D-8E23-CFA57FDBE1D9}.Debug|Any CPU.Build.0 = Debug|Any CPU
		{5AEA6FEC-25A7-484D-8E23-CFA57FDBE1D9}.Release|Any CPU.ActiveCfg = Release|Any CPU
		{5AEA6FEC-25A7-484D-8E23-CFA57FDBE1D9}.Release|Any CPU.Build.0 = Release|Any CPU
		{CA6521BC-EA5A-416F-89C5-0368B145F173}.Debug|Any CPU.ActiveCfg = Debug|Any CPU
		{CA6521BC-EA5A-416F-89C5-0368B145F173}.Debug|Any CPU.Build.0 = Debug|Any CPU
		{CA6521BC-EA5A-416F-89C5-0368B145F173}.Release|Any CPU.ActiveCfg = Release|Any CPU
		{CA6521BC-EA5A-416F-89C5-0368B145F173}.Release|Any CPU.Build.0 = Release|Any CPU
		{BD126272-8401-44F2-AEED-889EECCA01CF}.Debug|Any CPU.ActiveCfg = Debug|Any CPU
		{BD126272-8401-44F2-AEED-889EECCA01CF}.Debug|Any CPU.Build.0 = Debug|Any CPU
		{BD126272-8401-44F2-AEED-889EECCA01CF}.Release|Any CPU.ActiveCfg = Release|Any CPU
		{BD126272-8401-44F2-AEED-889EECCA01CF}.Release|Any CPU.Build.0 = Release|Any CPU
		{B812320B-F246-4767-9158-C63D6B7FC89C}.Debug|Any CPU.ActiveCfg = Debug|Any CPU
		{B812320B-F246-4767-9158-C63D6B7FC89C}.Debug|Any CPU.Build.0 = Debug|Any CPU
		{B812320B-F246-4767-9158-C63D6B7FC89C}.Release|Any CPU.ActiveCfg = Release|Any CPU
		{B812320B-F246-4767-9158-C63D6B7FC89C}.Release|Any CPU.Build.0 = Release|Any CPU
		{A5EBEC4F-23A6-4D6E-BAF5-0BDAB9C5A47F}.Debug|Any CPU.ActiveCfg = Debug|Any CPU
		{A5EBEC4F-23A6-4D6E-BAF5-0BDAB9C5A47F}.Debug|Any CPU.Build.0 = Debug|Any CPU
		{A5EBEC4F-23A6-4D6E-BAF5-0BDAB9C5A47F}.Release|Any CPU.ActiveCfg = Release|Any CPU
		{A5EBEC4F-23A6-4D6E-BAF5-0BDAB9C5A47F}.Release|Any CPU.Build.0 = Release|Any CPU
		{BC3ACC01-AD2E-42CF-841E-FFDBBB784822}.Debug|Any CPU.ActiveCfg = Debug|Any CPU
		{BC3ACC01-AD2E-42CF-841E-FFDBBB784822}.Debug|Any CPU.Build.0 = Debug|Any CPU
		{BC3ACC01-AD2E-42CF-841E-FFDBBB784822}.Release|Any CPU.ActiveCfg = Release|Any CPU
		{BC3ACC01-AD2E-42CF-841E-FFDBBB784822}.Release|Any CPU.Build.0 = Release|Any CPU
		{EAEAFCA9-0B2F-4786-9F01-A9319456D5F4}.Debug|Any CPU.ActiveCfg = Debug|Any CPU
		{EAEAFCA9-0B2F-4786-9F01-A9319456D5F4}.Debug|Any CPU.Build.0 = Debug|Any CPU
		{EAEAFCA9-0B2F-4786-9F01-A9319456D5F4}.Release|Any CPU.ActiveCfg = Release|Any CPU
		{EAEAFCA9-0B2F-4786-9F01-A9319456D5F4}.Release|Any CPU.Build.0 = Release|Any CPU
		{08A655D4-1C54-424D-A4E3-C8EF090DE9B0}.Debug|Any CPU.ActiveCfg = Debug|Any CPU
		{08A655D4-1C54-424D-A4E3-C8EF090DE9B0}.Debug|Any CPU.Build.0 = Debug|Any CPU
		{08A655D4-1C54-424D-A4E3-C8EF090DE9B0}.Release|Any CPU.ActiveCfg = Release|Any CPU
		{08A655D4-1C54-424D-A4E3-C8EF090DE9B0}.Release|Any CPU.Build.0 = Release|Any CPU
	EndGlobalSection
	GlobalSection(SolutionProperties) = preSolution
		HideSolutionNode = FALSE
	EndGlobalSection
	GlobalSection(NestedProjects) = preSolution
		{47009C4F-D8C8-4A35-A2D8-9F4548E70687} = {ADD10DFB-5D74-41E0-8769-33305E05C261}
		{108F7203-C639-4A10-8B03-BA46ABA5C0C9} = {ADD10DFB-5D74-41E0-8769-33305E05C261}
		{ABC7D993-F8CB-4709-AAF9-57274A8F1A3D} = {ADD10DFB-5D74-41E0-8769-33305E05C261}
		{B188340A-597F-4C64-959A-51C7F9BB88B7} = {A3844088-F8B4-4D85-BC01-E568C5382AC2}
		{0B428921-F4E8-4320-A3FE-EBCE9645D3C4} = {A3844088-F8B4-4D85-BC01-E568C5382AC2}
		{6F97077B-44D4-4B87-A134-B77CB23F76C8} = {A3844088-F8B4-4D85-BC01-E568C5382AC2}
		{D8D56DE5-3353-4812-980E-C2A91214609F} = {09A463B5-4D09-4ADF-A169-9D3DDFCD6B5D}
		{6C957BEF-E4B9-45D8-860F-0A07B6FA6913} = {09A463B5-4D09-4ADF-A169-9D3DDFCD6B5D}
		{06945E11-16C0-458B-A5D3-9509C49F298E} = {09A463B5-4D09-4ADF-A169-9D3DDFCD6B5D}
		{A36D934A-5DEB-486D-A31B-831D6D9EEFA5} = {E2735656-4B3F-4E67-A612-B284856C0F3E}
		{4AFCD491-E71A-447E-AF8E-0138EAB8CD2D} = {E2735656-4B3F-4E67-A612-B284856C0F3E}
		{C6CB25BF-B4C4-4A8F-9EEA-6B5127BE16AB} = {E2735656-4B3F-4E67-A612-B284856C0F3E}
		{3F53A7E4-7205-4D53-B031-4EA84A2902A2} = {B6CC0B4B-51DE-4A63-9149-0471B77D6953}
		{3E9390E7-760A-4BC6-A633-6CEB15B2F60D} = {B6CC0B4B-51DE-4A63-9149-0471B77D6953}
		{B80EC1A3-9DA3-4615-81C0-98AE10288F59} = {B6CC0B4B-51DE-4A63-9149-0471B77D6953}
		{8CC6E3A7-FE01-4D9D-9FE6-B2EADFE7F000} = {A7399DBC-38A0-46E8-87B3-CC0CE43CCCF8}
		{5D38E445-380E-4119-B05B-11A5734BF5DC} = {A7399DBC-38A0-46E8-87B3-CC0CE43CCCF8}
		{11E1C57C-1E82-4DED-9F71-BFE872E4B9F4} = {A7399DBC-38A0-46E8-87B3-CC0CE43CCCF8}
		{DDCC0007-3221-442E-AE4E-EDDD82A38F4F} = {38F6997D-8849-4962-99A7-7E7DDBFAAB2B}
		{2C71DDB7-4857-4AFC-8408-8798FF4E097D} = {38F6997D-8849-4962-99A7-7E7DDBFAAB2B}
		{D91C8261-4686-44A4-90B0-22E6EBD8986E} = {38F6997D-8849-4962-99A7-7E7DDBFAAB2B}
		{F38BD045-9A17-4F68-98E7-67D3C1020047} = {C92AAE11-2031-4573-AA0D-AE96A38A99A2}
		{5AEA6FEC-25A7-484D-8E23-CFA57FDBE1D9} = {C92AAE11-2031-4573-AA0D-AE96A38A99A2}
		{CA6521BC-EA5A-416F-89C5-0368B145F173} = {C92AAE11-2031-4573-AA0D-AE96A38A99A2}
		{BD126272-8401-44F2-AEED-889EECCA01CF} = {34D8209F-A2BD-40F7-A713-38A73E191B32}
		{B812320B-F246-4767-9158-C63D6B7FC89C} = {34D8209F-A2BD-40F7-A713-38A73E191B32}
		{A5EBEC4F-23A6-4D6E-BAF5-0BDAB9C5A47F} = {34D8209F-A2BD-40F7-A713-38A73E191B32}
		{BC3ACC01-AD2E-42CF-841E-FFDBBB784822} = {74FE41E1-5C7D-4A76-93E2-15A1E93D8DAE}
		{EAEAFCA9-0B2F-4786-9F01-A9319456D5F4} = {74FE41E1-5C7D-4A76-93E2-15A1E93D8DAE}
		{08A655D4-1C54-424D-A4E3-C8EF090DE9B0} = {74FE41E1-5C7D-4A76-93E2-15A1E93D8DAE}
	EndGlobalSection
EndGlobal
